
Microsoft Visual Studio Solution File, Format Version 12.00
# Visual Studio Version 16
VisualStudioVersion = 16.0.30517.126
MinimumVisualStudioVersion = 10.0.40219.1
Project("{FAE04EC0-301F-11D3-BF4B-00C04F79EFBC}") = "Mars_QA_Specflow_T1", "Mars_QA_Specflow_T1.csproj", "{C0162379-0FE1-4673-A6A7-41584D4513E5}"
EndProject
Global
	GlobalSection(SolutionConfigurationPlatforms) = preSolution
		Debug|Any CPU = Debug|Any CPU
		Release|Any CPU = Release|Any CPU
	EndGlobalSection
	GlobalSection(ProjectConfigurationPlatforms) = postSolution
		{C0162379-0FE1-4673-A6A7-41584D4513E5}.Debug|Any CPU.ActiveCfg = Debug|Any CPU
		{C0162379-0FE1-4673-A6A7-41584D4513E5}.Debug|Any CPU.Build.0 = Debug|Any CPU
		{C0162379-0FE1-4673-A6A7-41584D4513E5}.Release|Any CPU.ActiveCfg = Release|Any CPU
		{C0162379-0FE1-4673-A6A7-41584D4513E5}.Release|Any CPU.Build.0 = Release|Any CPU
	EndGlobalSection
	GlobalSection(SolutionProperties) = preSolution
		HideSolutionNode = FALSE
	EndGlobalSection
	GlobalSection(ExtensibilityGlobals) = postSolution
		SolutionGuid = {025E8C2E-FEC6-4609-A1A6-14DD7D468E8A}
	EndGlobalSection
EndGlobal
